
Microsoft Visual Studio Solution File, Format Version 12.00
# Visual Studio Version 16
VisualStudioVersion = 16.0.809.4
MinimumVisualStudioVersion = 10.0.40219.1
Project("{FAE04EC0-301F-11D3-BF4B-00C04F79EFBC}") = "DotNetCoreProject", "DotNetCoreProject.csproj", "{184F2E06-5C70-4C46-AEEA-63994B07A8DA}"
EndProject
Global
	GlobalSection(SolutionConfigurationPlatforms) = preSolution
		Debug|Any CPU = Debug|Any CPU
		Release|Any CPU = Release|Any CPU
	EndGlobalSection
	GlobalSection(ProjectConfigurationPlatforms) = postSolution
		{184F2E06-5C70-4C46-AEEA-63994B07A8DA}.Debug|Any CPU.ActiveCfg = Debug|Any CPU
		{184F2E06-5C70-4C46-AEEA-63994B07A8DA}.Debug|Any CPU.Build.0 = Debug|Any CPU
		{184F2E06-5C70-4C46-AEEA-63994B07A8DA}.Release|Any CPU.ActiveCfg = Release|Any CPU
		{184F2E06-5C70-4C46-AEEA-63994B07A8DA}.Release|Any CPU.Build.0 = Release|Any CPU
	EndGlobalSection
	GlobalSection(SolutionProperties) = preSolution
		HideSolutionNode = FALSE
	EndGlobalSection
	GlobalSection(ExtensibilityGlobals) = postSolution
		SolutionGuid = {969153E5-1CE2-4A19-8A3D-52DC2AF0106A}
	EndGlobalSection
EndGlobal
